
Microsoft Visual Studio Solution File, Format Version 12.00
# Visual Studio Version 17
VisualStudioVersion = 17.14.36623.8
MinimumVisualStudioVersion = 10.0.40219.1
Project("{FAE04EC0-301F-11D3-BF4B-00C04F79EFBC}") = "LIstas genericas 2026", "LIstas genericas 2026\LIstas genericas 2026.csproj", "{49B24888-7A0E-4130-9FF7-C83459C5C60C}"
EndProject
Project("{FAE04EC0-301F-11D3-BF4B-00C04F79EFBC}") = "BLL", "BLL\BLL.csproj", "{3D2B134F-5F2A-4A59-AF6E-07A29EAAEBAE}"
EndProject
Project("{FAE04EC0-301F-11D3-BF4B-00C04F79EFBC}") = "Datos", "Datos\Datos.csproj", "{6CF6B649-B923-413D-ADF4-3F08BF0B738A}"
EndProject
Global
	GlobalSection(SolutionConfigurationPlatforms) = preSolution
		Debug|Any CPU = Debug|Any CPU
		Release|Any CPU = Release|Any CPU
	EndGlobalSection
	GlobalSection(ProjectConfigurationPlatforms) = postSolution
		{49B24888-7A0E-4130-9FF7-C83459C5C60C}.Debug|Any CPU.ActiveCfg = Debug|Any CPU
		{49B24888-7A0E-4130-9FF7-C83459C5C60C}.Debug|Any CPU.Build.0 = Debug|Any CPU
		{49B24888-7A0E-4130-9FF7-C83459C5C60C}.Release|Any CPU.ActiveCfg = Release|Any CPU
		{49B24888-7A0E-4130-9FF7-C83459C5C60C}.Release|Any CPU.Build.0 = Release|Any CPU
		{3D2B134F-5F2A-4A59-AF6E-07A29EAAEBAE}.Debug|Any CPU.ActiveCfg = Debug|Any CPU
		{3D2B134F-5F2A-4A59-AF6E-07A29EAAEBAE}.Debug|Any CPU.Build.0 = Debug|Any CPU
		{3D2B134F-5F2A-4A59-AF6E-07A29EAAEBAE}.Release|Any CPU.ActiveCfg = Release|Any CPU
		{3D2B134F-5F2A-4A59-AF6E-07A29EAAEBAE}.Release|Any CPU.Build.0 = Release|Any CPU
		{6CF6B649-B923-413D-ADF4-3F08BF0B738A}.Debug|Any CPU.ActiveCfg = Debug|Any CPU
		{6CF6B649-B923-413D-ADF4-3F08BF0B738A}.Debug|Any CPU.Build.0 = Debug|Any CPU
		{6CF6B649-B923-413D-ADF4-3F08BF0B738A}.Release|Any CPU.ActiveCfg = Release|Any CPU
		{6CF6B649-B923-413D-ADF4-3F08BF0B738A}.Release|Any CPU.Build.0 = Release|Any CPU
	EndGlobalSection
	GlobalSection(SolutionProperties) = preSolution
		HideSolutionNode = FALSE
	EndGlobalSection
	GlobalSection(ExtensibilityGlobals) = postSolution
		SolutionGuid = {1FB411C9-C9CA-4341-86DD-5EFEA0E632DC}
	EndGlobalSection
EndGlobal
